
Microsoft Visual Studio Solution File, Format Version 12.00
# Visual Studio Version 17
VisualStudioVersion = 17.12.35707.178
MinimumVisualStudioVersion = 10.0.40219.1
Project("{FAE04EC0-301F-11D3-BF4B-00C04F79EFBC}") = "GanttBlazor", "GanttBlazor\GanttBlazor.csproj", "{8BE3753C-2D96-40FA-9704-7DC1B81F2D09}"
EndProject
Global
	GlobalSection(SolutionConfigurationPlatforms) = preSolution
		Debug|Any CPU = Debug|Any CPU
		Release|Any CPU = Release|Any CPU
	EndGlobalSection
	GlobalSection(ProjectConfigurationPlatforms) = postSolution
		{8BE3753C-2D96-40FA-9704-7DC1B81F2D09}.Debug|Any CPU.ActiveCfg = Debug|Any CPU
		{8BE3753C-2D96-40FA-9704-7DC1B81F2D09}.Debug|Any CPU.Build.0 = Debug|Any CPU
		{8BE3753C-2D96-40FA-9704-7DC1B81F2D09}.Release|Any CPU.ActiveCfg = Release|Any CPU
		{8BE3753C-2D96-40FA-9704-7DC1B81F2D09}.Release|Any CPU.Build.0 = Release|Any CPU
	EndGlobalSection
	GlobalSection(SolutionProperties) = preSolution
		HideSolutionNode = FALSE
	EndGlobalSection
EndGlobal
